# This file was autogenerated by Stack.
# You should not edit this file by hand.
# For more information, please see the documentation at:
#   https://docs.haskellstack.org/en/stable/lock_files

packages:
- completed:
    name: coalmine
    version: '0.1'
    git: https://github.com/nikita-volkov/coalmine
    pantry-tree:
      size: 3846
      sha256: 9f24bc6f3356549bf2ee5b9ecbb3b6b5b3bdf5545f6cb7c01609972fcee06567
    commit: 19e1ef5967b8a53ee9d03da8cd977fe8447a5249
  original:
    git: https://github.com/nikita-volkov/coalmine
    commit: 19e1ef5967b8a53ee9d03da8cd977fe8447a5249
- completed:
    name: fx
    version: '0.5'
    git: https://github.com/nikita-volkov/fx
    pantry-tree:
      size: 382
      sha256: 7d17198abdf4889ad3a86b50080205f87b7ad1b9bf7709231150cb573da09731
    commit: a612390cf54c37150c367324b154170921b98318
  original:
    git: https://github.com/nikita-volkov/fx
    commit: a612390cf54c37150c367324b154170921b98318
- completed:
    name: moore-machines
    version: '0.1'
    git: https://github.com/nikita-volkov/moore-machines
    pantry-tree:
      size: 887
      sha256: 3d1505067d5c8599e9843ed45ec2bc587fa5100c448f558ca5db2c97fb55706f
    commit: 7e95c33b203a1cfe42dbc0e0de3cec8e6fe94290
  original:
    git: https://github.com/nikita-volkov/moore-machines
    commit: 7e95c33b203a1cfe42dbc0e0de3cec8e6fe94290
- completed:
    name: yaml-unscrambler
    version: 0.1.0.4
    git: https://github.com/nikita-volkov/yaml-unscrambler
    pantry-tree:
      size: 1369
      sha256: 253656899fba7db0ad2c0bcd6f10e451226fbd4e6a43db08a01aacf6036a53f3
    commit: 630840e20698389f30a75d5af5c0b8ba249f5600
  original:
    git: https://github.com/nikita-volkov/yaml-unscrambler
    commit: 630840e20698389f30a75d5af5c0b8ba249f5600
- completed:
    name: text-builder
    version: '0.7'
    git: https://github.com/nikita-volkov/text-builder
    pantry-tree:
      size: 742
      sha256: 8bd5b90c2d932770db7ee8ed8d8df1a3e35d9f9de0aaf4170ddffaaa6963d1d0
    commit: 78b676ed8f042e28dfef92c882b3b47d7e2391da
  original:
    git: https://github.com/nikita-volkov/text-builder
    commit: 78b676ed8f042e28dfef92c882b3b47d7e2391da
- completed:
    hackage: aeson-2.0.3.0@sha256:130bda8e10dc6dd159b79b306abb10025d7f8b5d9cbc2f7d6d7e6768a0272058,5845
    pantry-tree:
      size: 38191
      sha256: bccfc5a7259a27aad7e4193f367c3d7d67799f42632fdcb90241c1e9fbb0cf40
  original:
    hackage: aeson-2.0.3.0
- completed:
    hackage: aeson-value-parser-0.19.6@sha256:ccd8424b17fd5608c3f1f7e51c7d4b77ff64cd409b51387759d27fc0e6e419bc,2054
    pantry-tree:
      size: 454
      sha256: a2fa5c7577470e6472dcc9f9c3826486bfabce337149555a5297c11807bfe993
  original:
    hackage: aeson-value-parser-0.19.6
- completed:
    hackage: yaml-0.11.7.0@sha256:bdc72a1f2eb7adc85d3dc8ff8b19d82319d3a4f2dd6847d1d161071cab6390c2,4936
    pantry-tree:
      size: 2044
      sha256: 78740da227b412af7f63fbf277e47ea22a797e8ce18912d5450f9e88376b49ba
  original:
    hackage: yaml-0.11.7.0
- completed:
    hackage: vector-extras-0.2.6@sha256:695f171936613b45b37de497ab26cba772616e43b09d9c39f0008d168c1f7064,1883
    pantry-tree:
      size: 738
      sha256: 5a6485bf613ec35a3e13674563ddd00920dfb1040ad16af625793bdf665324a3
  original:
    hackage: vector-extras-0.2.6
snapshots:
- completed:
    size: 634925
    url: https://raw.githubusercontent.com/commercialhaskell/stackage-snapshots/master/nightly/2022/2/7.yaml
    sha256: eccf3b87cf7521eb8e7704c2efbb579d2074a0a76c7b961e0f07b98b3079ada5
  original: nightly-2022-02-07
